
Microsoft Visual Studio Solution File, Format Version 12.00
# Visual Studio 15
VisualStudioVersion = 15.0.28307.1622
MinimumVisualStudioVersion = 10.0.40219.1
Project("{FAE04EC0-301F-11D3-BF4B-00C04F79EFBC}") = "ConsoleApp5", "ConsoleApp5\ConsoleApp5.csproj", "{BDC44479-14C1-4D14-ADA4-1A594FB1471B}"
EndProject
Global
	GlobalSection(SolutionConfigurationPlatforms) = preSolution
		Debug|Any CPU = Debug|Any CPU
		Release|Any CPU = Release|Any CPU
	EndGlobalSection
	GlobalSection(ProjectConfigurationPlatforms) = postSolution
		{BDC44479-14C1-4D14-ADA4-1A594FB1471B}.Debug|Any CPU.ActiveCfg = Debug|Any CPU
		{BDC44479-14C1-4D14-ADA4-1A594FB1471B}.Debug|Any CPU.Build.0 = Debug|Any CPU
		{BDC44479-14C1-4D14-ADA4-1A594FB1471B}.Release|Any CPU.ActiveCfg = Release|Any CPU
		{BDC44479-14C1-4D14-ADA4-1A594FB1471B}.Release|Any CPU.Build.0 = Release|Any CPU
	EndGlobalSection
	GlobalSection(SolutionProperties) = preSolution
		HideSolutionNode = FALSE
	EndGlobalSection
	GlobalSection(ExtensibilityGlobals) = postSolution
		SolutionGuid = {101DA701-58D5-46CD-8225-5B1AF56828EF}
	EndGlobalSection
EndGlobal
